
Microsoft Visual Studio Solution File, Format Version 12.00
# Visual Studio Version 17
VisualStudioVersion = 17.4.33213.308
MinimumVisualStudioVersion = 10.0.40219.1
Project("{FAE04EC0-301F-11D3-BF4B-00C04F79EFBC}") = "My-books", "My-books\My-books.csproj", "{7E9A8D6E-E80B-404F-8082-1BAC43506215}"
EndProject
Global
	GlobalSection(SolutionConfigurationPlatforms) = preSolution
		Debug|Any CPU = Debug|Any CPU
		Release|Any CPU = Release|Any CPU
	EndGlobalSection
	GlobalSection(ProjectConfigurationPlatforms) = postSolution
		{7E9A8D6E-E80B-404F-8082-1BAC43506215}.Debug|Any CPU.ActiveCfg = Debug|Any CPU
		{7E9A8D6E-E80B-404F-8082-1BAC43506215}.Debug|Any CPU.Build.0 = Debug|Any CPU
		{7E9A8D6E-E80B-404F-8082-1BAC43506215}.Release|Any CPU.ActiveCfg = Release|Any CPU
		{7E9A8D6E-E80B-404F-8082-1BAC43506215}.Release|Any CPU.Build.0 = Release|Any CPU
	EndGlobalSection
	GlobalSection(SolutionProperties) = preSolution
		HideSolutionNode = FALSE
	EndGlobalSection
	GlobalSection(ExtensibilityGlobals) = postSolution
		SolutionGuid = {0C34AE10-6245-4B5B-811C-74FA5596F65E}
	EndGlobalSection
EndGlobal
